version = 1
requires-python = ">=3.13"

[manifest]
members = [
    "django-environs",
    "test-project",
]

[[package]]
name = "asgiref"
version = "3.8.1"
source = { registry = "https://pypi.org/simple" }
sdist = { url = "https://files.pythonhosted.org/packages/29/38/b3395cc9ad1b56d2ddac9970bc8f4141312dbaec28bc7c218b0dfafd0f42/asgiref-3.8.1.tar.gz", hash = "sha256:c343bd80a0bec947a9860adb4c432ffa7db769836c64238fc34bdc3fec84d590", size = 35186 }
wheels = [
    { url = "https://files.pythonhosted.org/packages/39/e3/893e8757be2612e6c266d9bb58ad2e3651524b5b40cf56761e985a28b13e/asgiref-3.8.1-py3-none-any.whl", hash = "sha256:3e1e3ecc849832fe52ccf2cb6686b7a55f82bb1d6aee72a58826471390335e47", size = 23828 },
]

[[package]]
name = "colorama"
version = "0.4.6"
source = { registry = "https://pypi.org/simple" }
sdist = { url = "https://files.pythonhosted.org/packages/d8/53/6f443c9a4a8358a93a6792e2acffb9d9d5cb0a5cfd8802644b7b1c9a02e4/colorama-0.4.6.tar.gz", hash = "sha256:08695f5cb7ed6e0531a20572697297273c47b8cae5a63ffc6d6ed5c201be6e44", size = 27697 }
wheels = [
    { url = "https://files.pythonhosted.org/packages/d1/d6/3965ed04c63042e047cb6a3e6ed1a63a35087b6a609aa3a15ed8ac56c221/colorama-0.4.6-py2.py3-none-any.whl", hash = "sha256:4f1d9991f5acc0ca119f9d443620b77f9d6b33703e51011c16baf57afb285fc6", size = 25335 },
]

[[package]]
name = "coverage"
version = "7.6.4"
source = { registry = "https://pypi.org/simple" }
sdist = { url = "https://files.pythonhosted.org/packages/52/12/3669b6382792783e92046730ad3327f53b2726f0603f4c311c4da4824222/coverage-7.6.4.tar.gz", hash = "sha256:29fc0f17b1d3fea332f8001d4558f8214af7f1d87a345f3a133c901d60347c73", size = 798716 }
wheels = [
    { url = "https://files.pythonhosted.org/packages/c2/4d/2dede4f7cb5a70fb0bb40a57627fddf1dbdc6b9c1db81f7c4dcdcb19e2f4/coverage-7.6.4-cp313-cp313-macosx_10_13_x86_64.whl", hash = "sha256:023bf8ee3ec6d35af9c1c6ccc1d18fa69afa1cb29eaac57cb064dbb262a517f9", size = 207039 },
    { url = "https://files.pythonhosted.org/packages/3f/f9/d86368ae8c79e28f1fb458ebc76ae9ff3e8bd8069adc24e8f2fed03c58b7/coverage-7.6.4-cp313-cp313-macosx_11_0_arm64.whl", hash = "sha256:b0ac3d42cb51c4b12df9c5f0dd2f13a4f24f01943627120ec4d293c9181219ba", size = 207298 },
    { url = "https://files.pythonhosted.org/packages/64/c5/b4cc3c3f64622c58fbfd4d8b9a7a8ce9d355f172f91fcabbba1f026852f6/coverage-7.6.4-cp313-cp313-manylinux_2_17_aarch64.manylinux2014_aarch64.whl", hash = "sha256:f8fe4984b431f8621ca53d9380901f62bfb54ff759a1348cd140490ada7b693c", size = 239813 },
    { url = "https://files.pythonhosted.org/packages/8a/86/14c42e60b70a79b26099e4d289ccdfefbc68624d096f4481163085aa614c/coverage-7.6.4-cp313-cp313-manylinux_2_5_i686.manylinux1_i686.manylinux_2_17_i686.manylinux2014_i686.whl", hash = "sha256:5fbd612f8a091954a0c8dd4c0b571b973487277d26476f8480bfa4b2a65b5d06", size = 236959 },
    { url = "https://files.pythonhosted.org/packages/7f/f8/4436a643631a2fbab4b44d54f515028f6099bfb1cd95b13cfbf701e7f2f2/coverage-7.6.4-cp313-cp313-manylinux_2_5_x86_64.manylinux1_x86_64.manylinux_2_17_x86_64.manylinux2014_x86_64.whl", hash = "sha256:dacbc52de979f2823a819571f2e3a350a7e36b8cb7484cdb1e289bceaf35305f", size = 238950 },
    { url = "https://files.pythonhosted.org/packages/49/50/1571810ddd01f99a0a8be464a4ac8b147f322cd1e8e296a1528984fc560b/coverage-7.6.4-cp313-cp313-musllinux_1_2_aarch64.whl", hash = "sha256:dab4d16dfef34b185032580e2f2f89253d302facba093d5fa9dbe04f569c4f4b", size = 238610 },
    { url = "https://files.pythonhosted.org/packages/f3/8c/6312d241fe7cbd1f0cade34a62fea6f333d1a261255d76b9a87074d8703c/coverage-7.6.4-cp313-cp313-musllinux_1_2_i686.whl", hash = "sha256:862264b12ebb65ad8d863d51f17758b1684560b66ab02770d4f0baf2ff75da21", size = 236697 },
    { url = "https://files.pythonhosted.org/packages/ce/5f/fef33dfd05d87ee9030f614c857deb6df6556b8f6a1c51bbbb41e24ee5ac/coverage-7.6.4-cp313-cp313-musllinux_1_2_x86_64.whl", hash = "sha256:5beb1ee382ad32afe424097de57134175fea3faf847b9af002cc7895be4e2a5a", size = 238541 },
    { url = "https://files.pythonhosted.org/packages/a9/64/6a984b6e92e1ea1353b7ffa08e27f707a5e29b044622445859200f541e8c/coverage-7.6.4-cp313-cp313-win32.whl", hash = "sha256:bf20494da9653f6410213424f5f8ad0ed885e01f7e8e59811f572bdb20b8972e", size = 209707 },
    { url = "https://files.pythonhosted.org/packages/5c/60/ce5a9e942e9543783b3db5d942e0578b391c25cdd5e7f342d854ea83d6b7/coverage-7.6.4-cp313-cp313-win_amd64.whl", hash = "sha256:182e6cd5c040cec0a1c8d415a87b67ed01193ed9ad458ee427741c7d8513d963", size = 210439 },
    { url = "https://files.pythonhosted.org/packages/78/53/6719677e92c308207e7f10561a1b16ab8b5c00e9328efc9af7cfd6fb703e/coverage-7.6.4-cp313-cp313t-macosx_10_13_x86_64.whl", hash = "sha256:a181e99301a0ae128493a24cfe5cfb5b488c4e0bf2f8702091473d033494d04f", size = 207784 },
    { url = "https://files.pythonhosted.org/packages/fa/dd/7054928930671fcb39ae6a83bb71d9ab5f0afb733172543ced4b09a115ca/coverage-7.6.4-cp313-cp313t-macosx_11_0_arm64.whl", hash = "sha256:df57bdbeffe694e7842092c5e2e0bc80fff7f43379d465f932ef36f027179806", size = 208058 },
    { url = "https://files.pythonhosted.org/packages/b5/7d/fd656ddc2b38301927b9eb3aae3fe827e7aa82e691923ed43721fd9423c9/coverage-7.6.4-cp313-cp313t-manylinux_2_17_aarch64.manylinux2014_aarch64.whl", hash = "sha256:0bcd1069e710600e8e4cf27f65c90c7843fa8edfb4520fb0ccb88894cad08b11", size = 250772 },
    { url = "https://files.pythonhosted.org/packages/90/d0/eb9a3cc2100b83064bb086f18aedde3afffd7de6ead28f69736c00b7f302/coverage-7.6.4-cp313-cp313t-manylinux_2_5_i686.manylinux1_i686.manylinux_2_17_i686.manylinux2014_i686.whl", hash = "sha256:99b41d18e6b2a48ba949418db48159d7a2e81c5cc290fc934b7d2380515bd0e3", size = 246490 },
    { url = "https://files.pythonhosted.org/packages/45/44/3f64f38f6faab8a0cfd2c6bc6eb4c6daead246b97cf5f8fc23bf3788f841/coverage-7.6.4-cp313-cp313t-manylinux_2_5_x86_64.manylinux1_x86_64.manylinux_2_17_x86_64.manylinux2014_x86_64.whl", hash = "sha256:a6b1e54712ba3474f34b7ef7a41e65bd9037ad47916ccb1cc78769bae324c01a", size = 248848 },
    { url = "https://files.pythonhosted.org/packages/5d/11/4c465a5f98656821e499f4b4619929bd5a34639c466021740ecdca42aa30/coverage-7.6.4-cp313-cp313t-musllinux_1_2_aarch64.whl", hash = "sha256:53d202fd109416ce011578f321460795abfe10bb901b883cafd9b3ef851bacfc", size = 248340 },
    { url = "https://files.pythonhosted.org/packages/f1/96/ebecda2d016cce9da812f404f720ca5df83c6b29f65dc80d2000d0078741/coverage-7.6.4-cp313-cp313t-musllinux_1_2_i686.whl", hash = "sha256:c48167910a8f644671de9f2083a23630fbf7a1cb70ce939440cd3328e0919f70", size = 246229 },
    { url = "https://files.pythonhosted.org/packages/16/d9/3d820c00066ae55d69e6d0eae11d6149a5ca7546de469ba9d597f01bf2d7/coverage-7.6.4-cp313-cp313t-musllinux_1_2_x86_64.whl", hash = "sha256:cc8ff50b50ce532de2fa7a7daae9dd12f0a699bfcd47f20945364e5c31799fef", size = 247510 },
    { url = "https://files.pythonhosted.org/packages/8f/c3/4fa1eb412bb288ff6bfcc163c11700ff06e02c5fad8513817186e460ed43/coverage-7.6.4-cp313-cp313t-win32.whl", hash = "sha256:b8d3a03d9bfcaf5b0141d07a88456bb6a4c3ce55c080712fec8418ef3610230e", size = 210353 },
    { url = "https://files.pythonhosted.org/packages/7e/77/03fc2979d1538884d921c2013075917fc927f41cd8526909852fe4494112/coverage-7.6.4-cp313-cp313t-win_amd64.whl", hash = "sha256:f3ddf056d3ebcf6ce47bdaf56142af51bb7fad09e4af310241e9db7a3a8022e1", size = 211502 },
]

[[package]]
name = "dj-database-url"
version = "2.3.0"
source = { registry = "https://pypi.org/simple" }
dependencies = [
    { name = "django" },
    { name = "typing-extensions" },
]
sdist = { url = "https://files.pythonhosted.org/packages/98/9f/fc9905758256af4f68a55da94ab78a13e7775074edfdcaddd757d4921686/dj_database_url-2.3.0.tar.gz", hash = "sha256:ae52e8e634186b57e5a45e445da5dc407a819c2ceed8a53d1fac004cc5288787", size = 10980 }
wheels = [
    { url = "https://files.pythonhosted.org/packages/e5/91/641a4e5c8903ed59f6cbcce571003bba9c5d2f731759c31db0ba83bb0bdb/dj_database_url-2.3.0-py3-none-any.whl", hash = "sha256:bb0d414ba0ac5cd62773ec7f86f8cc378a9dbb00a80884c2fc08cc570452521e", size = 7793 },
]

[[package]]
name = "dj-email-url"
version = "1.0.6"
source = { registry = "https://pypi.org/simple" }
sdist = { url = "https://files.pythonhosted.org/packages/14/ef/8eb478accd9b0369d46a98d1b43027ee0c254096149265c78e6b2e2fa3b0/dj-email-url-1.0.6.tar.gz", hash = "sha256:55ffe3329e48f54f8a75aa36ece08f365e09d61f8a209773ef09a1d4760e699a", size = 15590 }
wheels = [
    { url = "https://files.pythonhosted.org/packages/8a/f9/fcb9745099d821f9a26092d3d6f4df8f10049885045c3a93ff726d2e40a6/dj_email_url-1.0.6-py2.py3-none-any.whl", hash = "sha256:cbd08327fbb08b104eac160fb4703f375532e4c0243eb230f5b960daee7a96db", size = 6296 },
]

[[package]]
name = "django"
version = "5.1.2"
source = { registry = "https://pypi.org/simple" }
dependencies = [
    { name = "asgiref" },
    { name = "sqlparse" },
    { name = "tzdata", marker = "sys_platform == 'win32'" },
]
sdist = { url = "https://files.pythonhosted.org/packages/9c/e5/a06e20c963b280af4aa9432bc694fbdeb1c8df9e28c2ffd5fbb71c4b1bec/Django-5.1.2.tar.gz", hash = "sha256:bd7376f90c99f96b643722eee676498706c9fd7dc759f55ebfaf2c08ebcdf4f0", size = 10711674 }
wheels = [
    { url = "https://files.pythonhosted.org/packages/a3/b8/f205f2b8c44c6cdc555c4f56bbe85ceef7f67c0cf1caa8abe078bb7e32bd/Django-5.1.2-py3-none-any.whl", hash = "sha256:f11aa87ad8d5617171e3f77e1d5d16f004b79a2cf5d2e1d2b97a6a1f8e9ba5ed", size = 8276058 },
]

[[package]]
name = "django-cache-url"
version = "3.4.5"
source = { registry = "https://pypi.org/simple" }
sdist = { url = "https://files.pythonhosted.org/packages/20/28/d420aaa89028d2ec0cf17c1510d06ff6a8ed0bf1abfb7f33c999e1c5befa/django-cache-url-3.4.5.tar.gz", hash = "sha256:eb9fb194717524348c95cad9905b70b647452741c1d9e481fac6d2125f0ad917", size = 7230 }
wheels = [
    { url = "https://files.pythonhosted.org/packages/48/90/01755e4a42558b763f7021e9369aa6aa94c2ede7313deed56cb7483834ab/django_cache_url-3.4.5-py2.py3-none-any.whl", hash = "sha256:5f350759978483ab85dc0e3e17b3d53eed3394a28148f6bf0f53d11d0feb5b3c", size = 4760 },
]

[[package]]
name = "django-environs"
version = "0.1.0"
source = { editable = "." }
dependencies = [
    { name = "environs", extra = ["django"] },
]

[package.dependency-groups]
dev = [
    { name = "django" },
    { name = "pytest" },
    { name = "pytest-cov" },
    { name = "pytest-django" },
]

[package.metadata]
requires-dist = [{ name = "environs", extras = ["django"], specifier = ">=11.0.0" }]

[package.metadata.dependency-groups]
dev = [
    { name = "django", specifier = ">=5.1.2" },
    { name = "pytest", specifier = ">=8.3.3" },
    { name = "pytest-cov", specifier = ">=6.0.0" },
    { name = "pytest-django", specifier = ">=4.9.0" },
]

[[package]]
name = "environs"
version = "11.0.0"
source = { registry = "https://pypi.org/simple" }
dependencies = [
    { name = "marshmallow" },
    { name = "python-dotenv" },
]
sdist = { url = "https://files.pythonhosted.org/packages/f2/13/3d448cfbed9f1baff5765f49434cd849501351f14fd3f09f0f2e9bd35322/environs-11.0.0.tar.gz", hash = "sha256:069727a8f73d8ba8d033d3cd95c0da231d44f38f1da773bf076cef168d312ee8", size = 25787 }
wheels = [
    { url = "https://files.pythonhosted.org/packages/3f/30/ef8a3022e6cdcedfd7ba03ca88ab29e30334f8e958cdbf5ce120912397e8/environs-11.0.0-py3-none-any.whl", hash = "sha256:e0bcfd41c718c07a7db422f9109e490746450da38793fe4ee197f397b9343435", size = 12216 },
]

[package.optional-dependencies]
django = [
    { name = "dj-database-url" },
    { name = "dj-email-url" },
    { name = "django-cache-url" },
]

[[package]]
name = "iniconfig"
version = "2.0.0"
source = { registry = "https://pypi.org/simple" }
sdist = { url = "https://files.pythonhosted.org/packages/d7/4b/cbd8e699e64a6f16ca3a8220661b5f83792b3017d0f79807cb8708d33913/iniconfig-2.0.0.tar.gz", hash = "sha256:2d91e135bf72d31a410b17c16da610a82cb55f6b0477d1a902134b24a455b8b3", size = 4646 }
wheels = [
    { url = "https://files.pythonhosted.org/packages/ef/a6/62565a6e1cf69e10f5727360368e451d4b7f58beeac6173dc9db836a5b46/iniconfig-2.0.0-py3-none-any.whl", hash = "sha256:b6a85871a79d2e3b22d2d1b94ac2824226a63c6b741c88f7ae975f18b6778374", size = 5892 },
]

[[package]]
name = "marshmallow"
version = "3.23.0"
source = { registry = "https://pypi.org/simple" }
dependencies = [
    { name = "packaging" },
]
sdist = { url = "https://files.pythonhosted.org/packages/b7/41/05580fed5798ba8032341e7e330b866adc88dfca3bc3ec86c04e4ffdc427/marshmallow-3.23.0.tar.gz", hash = "sha256:98d8827a9f10c03d44ead298d2e99c6aea8197df18ccfad360dae7f89a50da2e", size = 177439 }
wheels = [
    { url = "https://files.pythonhosted.org/packages/9a/9e/f8f0308b66ff5fcc3b351ffa5fcba19ae725dfeda75d3c673f4427f3fc99/marshmallow-3.23.0-py3-none-any.whl", hash = "sha256:82f20a2397834fe6d9611b241f2f7e7b680ed89c49f84728a1ad937be6b4bdf4", size = 49490 },
]

[[package]]
name = "packaging"
version = "24.1"
source = { registry = "https://pypi.org/simple" }
sdist = { url = "https://files.pythonhosted.org/packages/51/65/50db4dda066951078f0a96cf12f4b9ada6e4b811516bf0262c0f4f7064d4/packaging-24.1.tar.gz", hash = "sha256:026ed72c8ed3fcce5bf8950572258698927fd1dbda10a5e981cdf0ac37f4f002", size = 148788 }
wheels = [
    { url = "https://files.pythonhosted.org/packages/08/aa/cc0199a5f0ad350994d660967a8efb233fe0416e4639146c089643407ce6/packaging-24.1-py3-none-any.whl", hash = "sha256:5b8f2217dbdbd2f7f384c41c628544e6d52f2d0f53c6d0c3ea61aa5d1d7ff124", size = 53985 },
]

[[package]]
name = "pluggy"
version = "1.5.0"
source = { registry = "https://pypi.org/simple" }
sdist = { url = "https://files.pythonhosted.org/packages/96/2d/02d4312c973c6050a18b314a5ad0b3210edb65a906f868e31c111dede4a6/pluggy-1.5.0.tar.gz", hash = "sha256:2cffa88e94fdc978c4c574f15f9e59b7f4201d439195c3715ca9e2486f1d0cf1", size = 67955 }
wheels = [
    { url = "https://files.pythonhosted.org/packages/88/5f/e351af9a41f866ac3f1fac4ca0613908d9a41741cfcf2228f4ad853b697d/pluggy-1.5.0-py3-none-any.whl", hash = "sha256:44e1ad92c8ca002de6377e165f3e0f1be63266ab4d554740532335b9d75ea669", size = 20556 },
]

[[package]]
name = "pytest"
version = "8.3.3"
source = { registry = "https://pypi.org/simple" }
dependencies = [
    { name = "colorama", marker = "sys_platform == 'win32'" },
    { name = "iniconfig" },
    { name = "packaging" },
    { name = "pluggy" },
]
sdist = { url = "https://files.pythonhosted.org/packages/8b/6c/62bbd536103af674e227c41a8f3dcd022d591f6eed5facb5a0f31ee33bbc/pytest-8.3.3.tar.gz", hash = "sha256:70b98107bd648308a7952b06e6ca9a50bc660be218d53c257cc1fc94fda10181", size = 1442487 }
wheels = [
    { url = "https://files.pythonhosted.org/packages/6b/77/7440a06a8ead44c7757a64362dd22df5760f9b12dc5f11b6188cd2fc27a0/pytest-8.3.3-py3-none-any.whl", hash = "sha256:a6853c7375b2663155079443d2e45de913a911a11d669df02a50814944db57b2", size = 342341 },
]

[[package]]
name = "pytest-cov"
version = "6.0.0"
source = { registry = "https://pypi.org/simple" }
dependencies = [
    { name = "coverage" },
    { name = "pytest" },
]
sdist = { url = "https://files.pythonhosted.org/packages/be/45/9b538de8cef30e17c7b45ef42f538a94889ed6a16f2387a6c89e73220651/pytest-cov-6.0.0.tar.gz", hash = "sha256:fde0b595ca248bb8e2d76f020b465f3b107c9632e6a1d1705f17834c89dcadc0", size = 66945 }
wheels = [
    { url = "https://files.pythonhosted.org/packages/36/3b/48e79f2cd6a61dbbd4807b4ed46cb564b4fd50a76166b1c4ea5c1d9e2371/pytest_cov-6.0.0-py3-none-any.whl", hash = "sha256:eee6f1b9e61008bd34975a4d5bab25801eb31898b032dd55addc93e96fcaaa35", size = 22949 },
]

[[package]]
name = "pytest-django"
version = "4.9.0"
source = { registry = "https://pypi.org/simple" }
dependencies = [
    { name = "pytest" },
]
sdist = { url = "https://files.pythonhosted.org/packages/02/c0/43c8b2528c24d7f1a48a47e3f7381f5ab2ae8c64634b0c3f4bd843063955/pytest_django-4.9.0.tar.gz", hash = "sha256:8bf7bc358c9ae6f6fc51b6cebb190fe20212196e6807121f11bd6a3b03428314", size = 84067 }
wheels = [
    { url = "https://files.pythonhosted.org/packages/47/fe/54f387ee1b41c9ad59e48fb8368a361fad0600fe404315e31a12bacaea7d/pytest_django-4.9.0-py3-none-any.whl", hash = "sha256:1d83692cb39188682dbb419ff0393867e9904094a549a7d38a3154d5731b2b99", size = 23723 },
]

[[package]]
name = "python-dotenv"
version = "1.0.1"
source = { registry = "https://pypi.org/simple" }
sdist = { url = "https://files.pythonhosted.org/packages/bc/57/e84d88dfe0aec03b7a2d4327012c1627ab5f03652216c63d49846d7a6c58/python-dotenv-1.0.1.tar.gz", hash = "sha256:e324ee90a023d808f1959c46bcbc04446a10ced277783dc6ee09987c37ec10ca", size = 39115 }
wheels = [
    { url = "https://files.pythonhosted.org/packages/6a/3e/b68c118422ec867fa7ab88444e1274aa40681c606d59ac27de5a5588f082/python_dotenv-1.0.1-py3-none-any.whl", hash = "sha256:f7b63ef50f1b690dddf550d03497b66d609393b40b564ed0d674909a68ebf16a", size = 19863 },
]

[[package]]
name = "sqlparse"
version = "0.5.1"
source = { registry = "https://pypi.org/simple" }
sdist = { url = "https://files.pythonhosted.org/packages/73/82/dfa23ec2cbed08a801deab02fe7c904bfb00765256b155941d789a338c68/sqlparse-0.5.1.tar.gz", hash = "sha256:bb6b4df465655ef332548e24f08e205afc81b9ab86cb1c45657a7ff173a3a00e", size = 84502 }
wheels = [
    { url = "https://files.pythonhosted.org/packages/5d/a5/b2860373aa8de1e626b2bdfdd6df4355f0565b47e51f7d0c54fe70faf8fe/sqlparse-0.5.1-py3-none-any.whl", hash = "sha256:773dcbf9a5ab44a090f3441e2180efe2560220203dc2f8c0b0fa141e18b505e4", size = 44156 },
]

[[package]]
name = "test-project"
version = "0.1.0"
source = { virtual = "test_project" }
dependencies = [
    { name = "django" },
    { name = "environs", extra = ["django"] },
]

[package.metadata]
requires-dist = [
    { name = "django", specifier = "~=5.1" },
    { name = "environs", extras = ["django"], specifier = ">=11.0.0" },
]

[[package]]
name = "typing-extensions"
version = "4.12.2"
source = { registry = "https://pypi.org/simple" }
sdist = { url = "https://files.pythonhosted.org/packages/df/db/f35a00659bc03fec321ba8bce9420de607a1d37f8342eee1863174c69557/typing_extensions-4.12.2.tar.gz", hash = "sha256:1a7ead55c7e559dd4dee8856e3a88b41225abfe1ce8df57b7c13915fe121ffb8", size = 85321 }
wheels = [
    { url = "https://files.pythonhosted.org/packages/26/9f/ad63fc0248c5379346306f8668cda6e2e2e9c95e01216d2b8ffd9ff037d0/typing_extensions-4.12.2-py3-none-any.whl", hash = "sha256:04e5ca0351e0f3f85c6853954072df659d0d13fac324d0072316b67d7794700d", size = 37438 },
]

[[package]]
name = "tzdata"
version = "2024.2"
source = { registry = "https://pypi.org/simple" }
sdist = { url = "https://files.pythonhosted.org/packages/e1/34/943888654477a574a86a98e9896bae89c7aa15078ec29f490fef2f1e5384/tzdata-2024.2.tar.gz", hash = "sha256:7d85cc416e9382e69095b7bdf4afd9e3880418a2413feec7069d533d6b4e31cc", size = 193282 }
wheels = [
    { url = "https://files.pythonhosted.org/packages/a6/ab/7e5f53c3b9d14972843a647d8d7a853969a58aecc7559cb3267302c94774/tzdata-2024.2-py2.py3-none-any.whl", hash = "sha256:a48093786cdcde33cad18c2555e8532f34422074448fbc874186f0abd79565cd", size = 346586 },
]
